// !$*UTF8*$!
{
	archiveVersion = 1;
	classes = {
	};
	objectVersion = 46;
	objects = {

/* Begin PBXBuildFile section */
		4E727E661D94370B0059DBCE /* MemeDetailVC.swift in Sources */ = {isa = PBXBuildFile; fileRef = 4E727E651D94370B0059DBCE /* MemeDetailVC.swift */; };
		4E7BC9D61D9052E50057A23C /* MemeCollectionVC.swift in Sources */ = {isa = PBXBuildFile; fileRef = 4E7BC9D51D9052E50057A23C /* MemeCollectionVC.swift */; };
		4E7BC9D81D9053170057A23C /* MemeTableViewVC.swift in Sources */ = {isa = PBXBuildFile; fileRef = 4E7BC9D71D9053170057A23C /* MemeTableViewVC.swift */; };
		4EAB46611D7F131700D8E151 /* AppDelegate.swift in Sources */ = {isa = PBXBuildFile; fileRef = 4EAB46601D7F131700D8E151 /* AppDelegate.swift */; };
		4EAB46631D7F131700D8E151 /* MeMeEditorVC.swift in Sources */ = {isa = PBXBuildFile; fileRef = 4EAB46621D7F131700D8E151 /* MeMeEditorVC.swift */; };
		4EAB46661D7F131700D8E151 /* Main.storyboard in Resources */ = {isa = PBXBuildFile; fileRef = 4EAB46641D7F131700D8E151 /* Main.storyboard */; };
		4EAB46681D7F131700D8E151 /* Assets.xcassets in Resources */ = {isa = PBXBuildFile; fileRef = 4EAB46671D7F131700D8E151 /* Assets.xcassets */; };
		4EAB466B1D7F131700D8E151 /* LaunchScreen.storyboard in Resources */ = {isa = PBXBuildFile; fileRef = 4EAB46691D7F131700D8E151 /* LaunchScreen.storyboard */; };
		4EAB472A1D8510FC00D8E151 /* Meme.swift in Sources */ = {isa = PBXBuildFile; fileRef = 4EAB47291D8510FC00D8E151 /* Meme.swift */; };
/* End PBXBuildFile section */

/* Begin PBXFileReference section */
		4E727E651D94370B0059DBCE /* MemeDetailVC.swift */ = {isa = PBXFileReference; fileEncoding = 4; lastKnownFileType = sourcecode.swift; path = MemeDetailVC.swift; sourceTree = "<group>"; };
		4E7BC9D51D9052E50057A23C /* MemeCollectionVC.swift */ = {isa = PBXFileReference; fileEncoding = 4; lastKnownFileType = sourcecode.swift; path = MemeCollectionVC.swift; sourceTree = "<group>"; };
		4E7BC9D71D9053170057A23C /* MemeTableViewVC.swift */ = {isa = PBXFileReference; fileEncoding = 4; lastKnownFileType = sourcecode.swift; path = MemeTableViewVC.swift; sourceTree = "<group>"; };
		4EAB465D1D7F131700D8E151 /* Meme2.0.app */ = {isa = PBXFileReference; explicitFileType = wrapper.application; includeInIndex = 0; path = Meme2.0.app; sourceTree = BUILT_PRODUCTS_DIR; };
		4EAB46601D7F131700D8E151 /* AppDelegate.swift */ = {isa = PBXFileReference; lastKnownFileType = sourcecode.swift; path = AppDelegate.swift; sourceTree = "<group>"; };
		4EAB46621D7F131700D8E151 /* MeMeEditorVC.swift */ = {isa = PBXFileReference; lastKnownFileType = sourcecode.swift; path = MeMeEditorVC.swift; sourceTree = "<group>"; };
		4EAB46651D7F131700D8E151 /* Base */ = {isa = PBXFileReference; lastKnownFileType = file.storyboard; name = Base; path = Base.lproj/Main.storyboard; sourceTree = "<group>"; };
		4EAB46671D7F131700D8E151 /* Assets.xcassets */ = {isa = PBXFileReference; lastKnownFileType = folder.assetcatalog; path = Assets.xcassets; sourceTree = "<group>"; };
		4EAB466A1D7F131700D8E151 /* Base */ = {isa = PBXFileReference; lastKnownFileType = file.storyboard; name = Base; path = Base.lproj/LaunchScreen.storyboard; sourceTree = "<group>"; };
		4EAB466C1D7F131700D8E151 /* Info.plist */ = {isa = PBXFileReference; lastKnownFileType = text.plist.xml; path = Info.plist; sourceTree = "<group>"; };
		4EAB47291D8510FC00D8E151 /* Meme.swift */ = {isa = PBXFileReference; fileEncoding = 4; lastKnownFileType = sourcecode.swift; path = Meme.swift; sourceTree = "<group>"; };
/* End PBXFileReference section */

/* Begin PBXFrameworksBuildPhase section */
		4EAB465A1D7F131700D8E151 /* Frameworks */ = {
			isa = PBXFrameworksBuildPhase;
			buildActionMask = 2147483647;
			files = (
			);
			runOnlyForDeploymentPostprocessing = 0;
		};
/* End PBXFrameworksBuildPhase section */

/* Begin PBXGroup section */
		4EAB46541D7F131600D8E151 = {
			isa = PBXGroup;
			children = (
				4EAB465F1D7F131700D8E151 /* Meme2.0 */,
				4EAB465E1D7F131700D8E151 /* Products */,
			);
			sourceTree = "<group>";
		};
		4EAB465E1D7F131700D8E151 /* Products */ = {
			isa = PBXGroup;
			children = (
				4EAB465D1D7F131700D8E151 /* Meme2.0.app */,
			);
			name = Products;
			sourceTree = "<group>";
		};
		4EAB465F1D7F131700D8E151 /* Meme2.0 */ = {
			isa = PBXGroup;
			children = (
				4EAB46601D7F131700D8E151 /* AppDelegate.swift */,
				4EAB46621D7F131700D8E151 /* MeMeEditorVC.swift */,
				4EAB46641D7F131700D8E151 /* Main.storyboard */,
				4EAB46671D7F131700D8E151 /* Assets.xcassets */,
				4EAB46691D7F131700D8E151 /* LaunchScreen.storyboard */,
				4EAB466C1D7F131700D8E151 /* Info.plist */,
				4EAB47291D8510FC00D8E151 /* Meme.swift */,
				4E7BC9D51D9052E50057A23C /* MemeCollectionVC.swift */,
				4E7BC9D71D9053170057A23C /* MemeTableViewVC.swift */,
				4E727E651D94370B0059DBCE /* MemeDetailVC.swift */,
			);
			name = Meme2.0;
			path = Meme;
			sourceTree = "<group>";
		};
/* End PBXGroup section */

/* Begin PBXNativeTarget section */
		4EAB465C1D7F131700D8E151 /* Meme2.0 */ = {
			isa = PBXNativeTarget;
			buildConfigurationList = 4EAB466F1D7F131700D8E151 /* Build configuration list for PBXNativeTarget "Meme2.0" */;
			buildPhases = (
				4EAB46591D7F131700D8E151 /* Sources */,
				4EAB465A1D7F131700D8E151 /* Frameworks */,
				4EAB465B1D7F131700D8E151 /* Resources */,
			);
			buildRules = (
			);
			dependencies = (
			);
			name = Meme2.0;
			productName = Meme;
			productReference = 4EAB465D1D7F131700D8E151 /* Meme2.0.app */;
			productType = "com.apple.product-type.application";
		};
/* End PBXNativeTarget section */

/* Begin PBXProject section */
		4EAB46551D7F131600D8E151 /* Project object */ = {
			isa = PBXProject;
			attributes = {
				LastSwiftUpdateCheck = 0730;
				LastUpgradeCheck = 0800;
				ORGANIZATIONNAME = "Bisma Saeed";
				TargetAttributes = {
					4EAB465C1D7F131700D8E151 = {
						CreatedOnToolsVersion = 7.3;
						DevelopmentTeam = QT4YDPA7AA;
						LastSwiftMigration = 0800;
					};
				};
			};
			buildConfigurationList = 4EAB46581D7F131600D8E151 /* Build configuration list for PBXProject "Meme2.0" */;
			compatibilityVersion = "Xcode 3.2";
			developmentRegion = English;
			hasScannedForEncodings = 0;
			knownRegions = (
				en,
				Base,
			);
			mainGroup = 4EAB46541D7F131600D8E151;
			productRefGroup = 4EAB465E1D7F131700D8E151 /* Products */;
			projectDirPath = "";
			projectRoot = "";
			targets = (
				4EAB465C1D7F131700D8E151 /* Meme2.0 */,
			);
		};
/* End PBXProject section */

/* Begin PBXResourcesBuildPhase section */
		4EAB465B1D7F131700D8E151 /* Resources */ = {
			isa = PBXResourcesBuildPhase;
			buildActionMask = 2147483647;
			files = (
				4EAB466B1D7F131700D8E151 /* LaunchScreen.storyboard in Resources */,
				4EAB46681D7F131700D8E151 /* Assets.xcassets in Resources */,
				4EAB46661D7F131700D8E151 /* Main.storyboard in Resources */,
			);
			runOnlyForDeploymentPostprocessing = 0;
		};
/* End PBXResourcesBuildPhase section */

/* Begin PBXSourcesBuildPhase section */
		4EAB46591D7F131700D8E151 /* Sources */ = {
			isa = PBXSourcesBuildPhase;
			buildActionMask = 2147483647;
			files = (
				4EAB472A1D8510FC00D8E151 /* Meme.swift in Sources */,
				4EAB46631D7F131700D8E151 /* MeMeEditorVC.swift in Sources */,
				4E7BC9D61D9052E50057A23C /* MemeCollectionVC.swift in Sources */,
				4EAB46611D7F131700D8E151 /* AppDelegate.swift in Sources */,
				4E7BC9D81D9053170057A23C /* MemeTableViewVC.swift in Sources */,
				4E727E661D94370B0059DBCE /* MemeDetailVC.swift in Sources */,
			);
			runOnlyForDeploymentPostprocessing = 0;
		};
/* End PBXSourcesBuildPhase section */

/* Begin PBXVariantGroup section */
		4EAB46641D7F131700D8E151 /* Main.storyboard */ = {
			isa = PBXVariantGroup;
			children = (
				4EAB46651D7F131700D8E151 /* Base */,
			);
			name = Main.storyboard;
			sourceTree = "<group>";
		};
		4EAB46691D7F131700D8E151 /* LaunchScreen.storyboard */ = {
			isa = PBXVariantGroup;
			children = (
				4EAB466A1D7F131700D8E151 /* Base */,
			);
			name = LaunchScreen.storyboard;
			sourceTree = "<group>";
		};
/* End PBXVariantGroup section */

/* Begin XCBuildConfiguration section */
		4EAB466D1D7F131700D8E151 /* Debug */ = {
			isa = XCBuildConfiguration;
			buildSettings = {
				ALWAYS_SEARCH_USER_PATHS = NO;
				CLANG_ANALYZER_NONNULL = YES;
				CLANG_CXX_LANGUAGE_STANDARD = "gnu++0x";
				CLANG_CXX_LIBRARY = "libc++";
				CLANG_ENABLE_MODULES = YES;
				CLANG_ENABLE_OBJC_ARC = YES;
				CLANG_WARN_BOOL_CONVERSION = YES;
				CLANG_WARN_CONSTANT_CONVERSION = YES;
				CLANG_WARN_DIRECT_OBJC_ISA_USAGE = YES_ERROR;
				CLANG_WARN_EMPTY_BODY = YES;
				CLANG_WARN_ENUM_CONVERSION = YES;
				CLANG_WARN_INFINITE_RECURSION = YES;
				CLANG_WARN_INT_CONVERSION = YES;
				CLANG_WARN_OBJC_ROOT_CLASS = YES_ERROR;
				CLANG_WARN_SUSPICIOUS_MOVE = YES;
				CLANG_WARN_UNREACHABLE_CODE = YES;
				CLANG_WARN__DUPLICATE_METHOD_MATCH = YES;
				"CODE_SIGN_IDENTITY[sdk=iphoneos*]" = "iPhone Developer";
				COPY_PHASE_STRIP = NO;
				DEBUG_INFORMATION_FORMAT = dwarf;
				ENABLE_STRICT_OBJC_MSGSEND = YES;
				ENABLE_TESTABILITY = YES;
				GCC_C_LANGUAGE_STANDARD = gnu99;
				GCC_DYNAMIC_NO_PIC = NO;
				GCC_NO_COMMON_BLOCKS = YES;
				GCC_OPTIMIZATION_LEVEL = 0;
				GCC_PREPROCESSOR_DEFINITIONS = (
					"DEBUG=1",
					"$(inherited)",
				);
				GCC_WARN_64_TO_32_BIT_CONVERSION = YES;
				GCC_WARN_ABOUT_RETURN_TYPE = YES_ERROR;
				GCC_WARN_UNDECLARED_SELECTOR = YES;
				GCC_WARN_UNINITIALIZED_AUTOS = YES_AGGRESSIVE;
				GCC_WARN_UNUSED_FUNCTION = YES;
				GCC_WARN_UNUSED_VARIABLE = YES;
				IPHONEOS_DEPLOYMENT_TARGET = 9.3;
				MTL_ENABLE_DEBUG_INFO = YES;
				ONLY_ACTIVE_ARCH = YES;
				SDKROOT = iphoneos;
				SWIFT_OPTIMIZATION_LEVEL = "-Onone";
			};
			name = Debug;
		};
		4EAB466E1D7F131700D8E151 /* Release */ = {
			isa = XCBuildConfiguration;
			buildSettings = {
				ALWAYS_SEARCH_USER_PATHS = NO;
				CLANG_ANALYZER_NONNULL = YES;
				CLANG_CXX_LANGUAGE_STANDARD = "gnu++0x";
				CLANG_CXX_LIBRARY = "libc++";
				CLANG_ENABLE_MODULES = YES;
				CLANG_ENABLE_OBJC_ARC = YES;
				CLANG_WARN_BOOL_CONVERSION = YES;
				CLANG_WARN_CONSTANT_CONVERSION = YES;
				CLANG_WARN_DIRECT_OBJC_ISA_USAGE = YES_ERROR;
				CLANG_WARN_EMPTY_BODY = YES;
				CLANG_WARN_ENUM_CONVERSION = YES;
				CLANG_WARN_INFINITE_RECURSION = YES;
				CLANG_WARN_INT_CONVERSION = YES;
				CLANG_WARN_OBJC_ROOT_CLASS = YES_ERROR;
				CLANG_WARN_SUSPICIOUS_MOVE = YES;
				CLANG_WARN_UNREACHABLE_CODE = YES;
				CLANG_WARN__DUPLICATE_METHOD_MATCH = YES;
				"CODE_SIGN_IDENTITY[sdk=iphoneos*]" = "iPhone Developer";
				COPY_PHASE_STRIP = NO;
				DEBUG_INFORMATION_FORMAT = "dwarf-with-dsym";
				ENABLE_NS_ASSERTIONS = NO;
				ENABLE_STRICT_OBJC_MSGSEND = YES;
				GCC_C_LANGUAGE_STANDARD = gnu99;
				GCC_NO_COMMON_BLOCKS = YES;
				GCC_WARN_64_TO_32_BIT_CONVERSION = YES;
				GCC_WARN_ABOUT_RETURN_TYPE = YES_ERROR;
				GCC_WARN_UNDECLARED_SELECTOR = YES;
				GCC_WARN_UNINITIALIZED_AUTOS = YES_AGGRESSIVE;
				GCC_WARN_UNUSED_FUNCTION = YES;
				GCC_WARN_UNUSED_VARIABLE = YES;
				IPHONEOS_DEPLOYMENT_TARGET = 9.3;
				MTL_ENABLE_DEBUG_INFO = NO;
				SDKROOT = iphoneos;
				SWIFT_OPTIMIZATION_LEVEL = "-Owholemodule";
				VALIDATE_PRODUCT = YES;
			};
			name = Release;
		};
		4EAB46701D7F131700D8E151 /* Debug */ = {
			isa = XCBuildConfiguration;
			buildSettings = {
				ASSETCATALOG_COMPILER_APPICON_NAME = AppIcon;
				DEVELOPMENT_TEAM = QT4YDPA7AA;
				INFOPLIST_FILE = Meme/Info.plist;
				LD_RUNPATH_SEARCH_PATHS = "$(inherited) @executable_path/Frameworks";
				PRODUCT_BUNDLE_IDENTIFIER = com.borceapiano.Meme2.0;
				PRODUCT_NAME = "$(TARGET_NAME)";
				SWIFT_VERSION = 3.0;
			};
			name = Debug;
		};
		4EAB46711D7F131700D8E151 /* Release */ = {
			isa = XCBuildConfiguration;
			buildSettings = {
				ASSETCATALOG_COMPILER_APPICON_NAME = AppIcon;
				DEVELOPMENT_TEAM = QT4YDPA7AA;
				INFOPLIST_FILE = Meme/Info.plist;
				LD_RUNPATH_SEARCH_PATHS = "$(inherited) @executable_path/Frameworks";
				PRODUCT_BUNDLE_IDENTIFIER = com.borceapiano.Meme2.0;
				PRODUCT_NAME = "$(TARGET_NAME)";
				SWIFT_VERSION = 3.0;
			};
			name = Release;
		};
/* End XCBuildConfiguration section */

/* Begin XCConfigurationList section */
		4EAB46581D7F131600D8E151 /* Build configuration list for PBXProject "Meme2.0" */ = {
			isa = XCConfigurationList;
			buildConfigurations = (
				4EAB466D1D7F131700D8E151 /* Debug */,
				4EAB466E1D7F131700D8E151 /* Release */,
			);
			defaultConfigurationIsVisible = 0;
			defaultConfigurationName = Release;
		};
		4EAB466F1D7F131700D8E151 /* Build configuration list for PBXNativeTarget "Meme2.0" */ = {
			isa = XCConfigurationList;
			buildConfigurations = (
				4EAB46701D7F131700D8E151 /* Debug */,
				4EAB46711D7F131700D8E151 /* Release */,
			);
			defaultConfigurationIsVisible = 0;
			defaultConfigurationName = Release;
		};
/* End XCConfigurationList section */
	};
	rootObject = 4EAB46551D7F131600D8E151 /* Project object */;
}
